
Microsoft Visual Studio Solution File, Format Version 12.00
# Visual Studio 15
VisualStudioVersion = 15.0.26124.0
MinimumVisualStudioVersion = 15.0.26124.0
Project("{2150E333-8FDC-42A3-9474-1A3956D46DE8}") = "src", "src", "{8F0CFB6B-9024-4443-B268-D3D60C79B462}"
EndProject
Project("{FAE04EC0-301F-11D3-BF4B-00C04F79EFBC}") = "Reflection", "src\Reflection\Reflection.csproj", "{53C7A66C-8DDA-4409-8BED-1C2BDAD30316}"
EndProject
Project("{2150E333-8FDC-42A3-9474-1A3956D46DE8}") = "test", "test", "{74850129-9BF1-4732-9EF1-6D5A2C2CEAD5}"
EndProject
Project("{FAE04EC0-301F-11D3-BF4B-00C04F79EFBC}") = "Reflection.UnitTests", "test\Reflection.UnitTests\Reflection.UnitTests.csproj", "{317EAE5F-047A-41A6-8A28-ECDD2E86C944}"
EndProject
Global
	GlobalSection(SolutionConfigurationPlatforms) = preSolution
		Debug|Any CPU = Debug|Any CPU
		Debug|x64 = Debug|x64
		Debug|x86 = Debug|x86
		Release|Any CPU = Release|Any CPU
		Release|x64 = Release|x64
		Release|x86 = Release|x86
	EndGlobalSection
	GlobalSection(SolutionProperties) = preSolution
		HideSolutionNode = FALSE
	EndGlobalSection
	GlobalSection(ProjectConfigurationPlatforms) = postSolution
		{53C7A66C-8DDA-4409-8BED-1C2BDAD30316}.Debug|Any CPU.ActiveCfg = Debug|Any CPU
		{53C7A66C-8DDA-4409-8BED-1C2BDAD30316}.Debug|Any CPU.Build.0 = Debug|Any CPU
		{53C7A66C-8DDA-4409-8BED-1C2BDAD30316}.Debug|x64.ActiveCfg = Debug|x64
		{53C7A66C-8DDA-4409-8BED-1C2BDAD30316}.Debug|x64.Build.0 = Debug|x64
		{53C7A66C-8DDA-4409-8BED-1C2BDAD30316}.Debug|x86.ActiveCfg = Debug|x86
		{53C7A66C-8DDA-4409-8BED-1C2BDAD30316}.Debug|x86.Build.0 = Debug|x86
		{53C7A66C-8DDA-4409-8BED-1C2BDAD30316}.Release|Any CPU.ActiveCfg = Release|Any CPU
		{53C7A66C-8DDA-4409-8BED-1C2BDAD30316}.Release|Any CPU.Build.0 = Release|Any CPU
		{53C7A66C-8DDA-4409-8BED-1C2BDAD30316}.Release|x64.ActiveCfg = Release|x64
		{53C7A66C-8DDA-4409-8BED-1C2BDAD30316}.Release|x64.Build.0 = Release|x64
		{53C7A66C-8DDA-4409-8BED-1C2BDAD30316}.Release|x86.ActiveCfg = Release|x86
		{53C7A66C-8DDA-4409-8BED-1C2BDAD30316}.Release|x86.Build.0 = Release|x86
		{317EAE5F-047A-41A6-8A28-ECDD2E86C944}.Debug|Any CPU.ActiveCfg = Debug|Any CPU
		{317EAE5F-047A-41A6-8A28-ECDD2E86C944}.Debug|Any CPU.Build.0 = Debug|Any CPU
		{317EAE5F-047A-41A6-8A28-ECDD2E86C944}.Debug|x64.ActiveCfg = Debug|x64
		{317EAE5F-047A-41A6-8A28-ECDD2E86C944}.Debug|x64.Build.0 = Debug|x64
		{317EAE5F-047A-41A6-8A28-ECDD2E86C944}.Debug|x86.ActiveCfg = Debug|x86
		{317EAE5F-047A-41A6-8A28-ECDD2E86C944}.Debug|x86.Build.0 = Debug|x86
		{317EAE5F-047A-41A6-8A28-ECDD2E86C944}.Release|Any CPU.ActiveCfg = Release|Any CPU
		{317EAE5F-047A-41A6-8A28-ECDD2E86C944}.Release|Any CPU.Build.0 = Release|Any CPU
		{317EAE5F-047A-41A6-8A28-ECDD2E86C944}.Release|x64.ActiveCfg = Release|x64
		{317EAE5F-047A-41A6-8A28-ECDD2E86C944}.Release|x64.Build.0 = Release|x64
		{317EAE5F-047A-41A6-8A28-ECDD2E86C944}.Release|x86.ActiveCfg = Release|x86
		{317EAE5F-047A-41A6-8A28-ECDD2E86C944}.Release|x86.Build.0 = Release|x86
	EndGlobalSection
	GlobalSection(NestedProjects) = preSolution
		{53C7A66C-8DDA-4409-8BED-1C2BDAD30316} = {8F0CFB6B-9024-4443-B268-D3D60C79B462}
		{317EAE5F-047A-41A6-8A28-ECDD2E86C944} = {74850129-9BF1-4732-9EF1-6D5A2C2CEAD5}
	EndGlobalSection
EndGlobal
